
Microsoft Visual Studio Solution File, Format Version 12.00
# Visual Studio 15
Project("{FAE04EC0-301F-11D3-BF4B-00C04F79EFBC}") = "Assembly-CSharp", "Assembly-CSharp.csproj", "{84FE441B-663C-3BB3-37FB-0567A3C583FA}"
EndProject
Project("{FAE04EC0-301F-11D3-BF4B-00C04F79EFBC}") = "Assembly-CSharp-Editor", "Assembly-CSharp-Editor.csproj", "{915333FD-DB68-405C-D2D1-34EC499CBD21}"
EndProject
Global
	GlobalSection(SolutionConfigurationPlatforms) = preSolution
		Debug|Any CPU = Debug|Any CPU
		Release|Any CPU = Release|Any CPU
	EndGlobalSection
	GlobalSection(ProjectConfigurationPlatforms) = postSolution
		{84FE441B-663C-3BB3-37FB-0567A3C583FA}.Debug|Any CPU.ActiveCfg = Debug|Any CPU
		{84FE441B-663C-3BB3-37FB-0567A3C583FA}.Debug|Any CPU.Build.0 = Debug|Any CPU
		{84FE441B-663C-3BB3-37FB-0567A3C583FA}.Release|Any CPU.ActiveCfg = Release|Any CPU
		{84FE441B-663C-3BB3-37FB-0567A3C583FA}.Release|Any CPU.Build.0 = Release|Any CPU
		{915333FD-DB68-405C-D2D1-34EC499CBD21}.Debug|Any CPU.ActiveCfg = Debug|Any CPU
		{915333FD-DB68-405C-D2D1-34EC499CBD21}.Debug|Any CPU.Build.0 = Debug|Any CPU
		{915333FD-DB68-405C-D2D1-34EC499CBD21}.Release|Any CPU.ActiveCfg = Release|Any CPU
		{915333FD-DB68-405C-D2D1-34EC499CBD21}.Release|Any CPU.Build.0 = Release|Any CPU
	EndGlobalSection
	GlobalSection(SolutionProperties) = preSolution
		HideSolutionNode = FALSE
	EndGlobalSection
EndGlobal
